
Microsoft Visual Studio Solution File, Format Version 11.00
# Visual Studio 2010
Project("{FAE04EC0-301F-11D3-BF4B-00C04F79EFBC}") = "HKK_Downloader", "HKK_Downloader\HKK_Downloader.csproj", "{B6F42B89-7B7C-46FD-84E9-5811CCABBA9D}"
EndProject
Global
	GlobalSection(SolutionConfigurationPlatforms) = preSolution
		Debug|x86 = Debug|x86
		Release|x86 = Release|x86
	EndGlobalSection
	GlobalSection(ProjectConfigurationPlatforms) = postSolution
		{B6F42B89-7B7C-46FD-84E9-5811CCABBA9D}.Debug|x86.ActiveCfg = Debug|x86
		{B6F42B89-7B7C-46FD-84E9-5811CCABBA9D}.Debug|x86.Build.0 = Debug|x86
		{B6F42B89-7B7C-46FD-84E9-5811CCABBA9D}.Release|x86.ActiveCfg = Release|x86
		{B6F42B89-7B7C-46FD-84E9-5811CCABBA9D}.Release|x86.Build.0 = Release|x86
	EndGlobalSection
	GlobalSection(SolutionProperties) = preSolution
		HideSolutionNode = FALSE
	EndGlobalSection
EndGlobal
